# This file is generated by running "yarn install" inside your project.
# Manual changes might be lost - proceed with caution!

__metadata:
  version: 8
  cacheKey: 10

"@ampproject/remapping@npm:^2.3.0":
  version: 2.3.0
  resolution: "@ampproject/remapping@npm:2.3.0"
  dependencies:
    "@jridgewell/gen-mapping": "npm:^0.3.5"
    "@jridgewell/trace-mapping": "npm:^0.3.24"
  checksum: 10/f3451525379c68a73eb0a1e65247fbf28c0cccd126d93af21c75fceff77773d43c0d4a2d51978fb131aff25b5f2cb41a9fe48cc296e61ae65e679c4f6918b0ab
  languageName: node
  linkType: hard

"@jridgewell/gen-mapping@npm:^0.3.5":
  version: 0.3.8
  resolution: "@jridgewell/gen-mapping@npm:0.3.8"
  dependencies:
    "@jridgewell/set-array": "npm:^1.2.1"
    "@jridgewell/sourcemap-codec": "npm:^1.4.10"
    "@jridgewell/trace-mapping": "npm:^0.3.24"
  checksum: 10/9d3a56ab3612ab9b85d38b2a93b87f3324f11c5130859957f6500e4ac8ce35f299d5ccc3ecd1ae87597601ecf83cee29e9afd04c18777c24011073992ff946df
  languageName: node
  linkType: hard

"@jridgewell/resolve-uri@npm:^3.1.0":
  version: 3.1.2
  resolution: "@jridgewell/resolve-uri@npm:3.1.2"
  checksum: 10/97106439d750a409c22c8bff822d648f6a71f3aa9bc8e5129efdc36343cd3096ddc4eeb1c62d2fe48e9bdd4db37b05d4646a17114ecebd3bbcacfa2de51c3c1d
  languageName: node
  linkType: hard

"@jridgewell/set-array@npm:^1.2.1":
  version: 1.2.1
  resolution: "@jridgewell/set-array@npm:1.2.1"
  checksum: 10/832e513a85a588f8ed4f27d1279420d8547743cc37fcad5a5a76fc74bb895b013dfe614d0eed9cb860048e6546b798f8f2652020b4b2ba0561b05caa8c654b10
  languageName: node
  linkType: hard

"@jridgewell/sourcemap-codec@npm:^1.4.10, @jridgewell/sourcemap-codec@npm:^1.4.14, @jridgewell/sourcemap-codec@npm:^1.4.15, @jridgewell/sourcemap-codec@npm:^1.5.0":
  version: 1.5.0
  resolution: "@jridgewell/sourcemap-codec@npm:1.5.0"
  checksum: 10/4ed6123217569a1484419ac53f6ea0d9f3b57e5b57ab30d7c267bdb27792a27eb0e4b08e84a2680aa55cc2f2b411ffd6ec3db01c44fdc6dc43aca4b55f8374fd
  languageName: node
  linkType: hard

"@jridgewell/trace-mapping@npm:^0.3.24, @jridgewell/trace-mapping@npm:^0.3.25":
  version: 0.3.25
  resolution: "@jridgewell/trace-mapping@npm:0.3.25"
  dependencies:
    "@jridgewell/resolve-uri": "npm:^3.1.0"
    "@jridgewell/sourcemap-codec": "npm:^1.4.14"
  checksum: 10/dced32160a44b49d531b80a4a2159dceab6b3ddf0c8e95a0deae4b0e894b172defa63d5ac52a19c2068e1fe7d31ea4ba931fbeec103233ecb4208953967120fc
  languageName: node
  linkType: hard

"@types/estree@npm:^1.0.5, @types/estree@npm:^1.0.6":
  version: 1.0.6
  resolution: "@types/estree@npm:1.0.6"
  checksum: 10/9d35d475095199c23e05b431bcdd1f6fec7380612aed068b14b2a08aa70494de8a9026765a5a91b1073f636fb0368f6d8973f518a31391d519e20c59388ed88d
  languageName: node
  linkType: hard

"acorn-typescript@npm:^1.4.13":
  version: 1.4.13
  resolution: "acorn-typescript@npm:1.4.13"
  peerDependencies:
    acorn: ">=8.9.0"
  checksum: 10/d39da8596e630e2937b3aa034b147b036f3317e0b116e7f5240f944eec841bd4125118794c87bfef4f8a9352891192c460b72abe2028aa4daa1f75bd79ce30e1
  languageName: node
  linkType: hard

"acorn@npm:^8.12.1":
  version: 8.14.0
  resolution: "acorn@npm:8.14.0"
  bin:
    acorn: bin/acorn
  checksum: 10/6df29c35556782ca9e632db461a7f97947772c6c1d5438a81f0c873a3da3a792487e83e404d1c6c25f70513e91aa18745f6eafb1fcc3a43ecd1920b21dd173d2
  languageName: node
  linkType: hard

"aria-query@npm:^5.3.1":
  version: 5.3.2
  resolution: "aria-query@npm:5.3.2"
  checksum: 10/b2fe9bc98bd401bc322ccb99717c1ae2aaf53ea0d468d6e7aebdc02fac736e4a99b46971ee05b783b08ade23c675b2d8b60e4a1222a95f6e27bc4d2a0bfdcc03
  languageName: node
  linkType: hard

"axobject-query@npm:^4.1.0":
  version: 4.1.0
  resolution: "axobject-query@npm:4.1.0"
  checksum: 10/e275dea9b673f71170d914f2d2a18be5d57d8d29717b629e7fedd907dcc2ebdc7a37803ff975874810bd423f222f299c020d28fde40a146f537448bf6bfecb6e
  languageName: node
  linkType: hard

"chokidar@npm:^4.0.1":
  version: 4.0.3
  resolution: "chokidar@npm:4.0.3"
  dependencies:
    readdirp: "npm:^4.0.1"
  checksum: 10/bf2a575ea5596000e88f5db95461a9d59ad2047e939d5a4aac59dd472d126be8f1c1ff3c7654b477cf532d18f42a97279ef80ee847972fd2a25410bf00b80b59
  languageName: node
  linkType: hard

"clsx@npm:^2.1.1":
  version: 2.1.1
  resolution: "clsx@npm:2.1.1"
  checksum: 10/cdfb57fa6c7649bbff98d9028c2f0de2f91c86f551179541cf784b1cfdc1562dcb951955f46d54d930a3879931a980e32a46b598acaea274728dbe068deca919
  languageName: node
  linkType: hard

"esm-env@npm:^1.2.1":
  version: 1.2.2
  resolution: "esm-env@npm:1.2.2"
  checksum: 10/caf5f3cc2bc7107494585b4e38835787f48ef77b670aeb2d765a5b6b64c41102d20bbdd34bda32474291b6b8d819d4d02ce92570a0886baca6cef70f5fe689f3
  languageName: node
  linkType: hard

"esrap@npm:^1.4.3":
  version: 1.4.3
  resolution: "esrap@npm:1.4.3"
  dependencies:
    "@jridgewell/sourcemap-codec": "npm:^1.4.15"
  checksum: 10/c0f473aab71db2c78886ab6b88c13e0796660af759db26984b8f64db67fe482d02917223c296f210c3ad42f6d5face761774a804ea899b74d5adfa0eea8dc04d
  languageName: node
  linkType: hard

"fdir@npm:^6.2.0":
  version: 6.4.3
  resolution: "fdir@npm:6.4.3"
  peerDependencies:
    picomatch: ^3 || ^4
  peerDependenciesMeta:
    picomatch:
      optional: true
  checksum: 10/8e6d20f4590dc168de1374a9cadaa37e20ca6e0b822aa247c230e7ea1d9e9674a68cd816146435e4ecc98f9285091462ab7e5e56eebc9510931a1794e4db68b2
  languageName: node
  linkType: hard

"front@workspace:front":
  version: 0.0.0-use.local
  resolution: "front@workspace:front"
  dependencies:
    svelte: "npm:^5.19.6"
    svelte-check: "npm:^4.1.4"
    typescript: "npm:^5.7.3"
  languageName: unknown
  linkType: soft

"is-reference@npm:^3.0.3":
  version: 3.0.3
  resolution: "is-reference@npm:3.0.3"
  dependencies:
    "@types/estree": "npm:^1.0.6"
  checksum: 10/11371fb2669a8144bffb2ae9bd11b0342b7dc384c3c0f8d5996566b071614282a3a0d306fd2fd1c6b4c9078d0e2703d191b47f4f78f9ce08f464c44a3a412412
  languageName: node
  linkType: hard

"locate-character@npm:^3.0.0":
  version: 3.0.0
  resolution: "locate-character@npm:3.0.0"
  checksum: 10/2d9e9f45e2dce7464c016ed6d81ebc938bc9c656392f7d6858308ab6fdaa57bcd4b6b479291d49e7db4047e3f321ddadbe78355f349b7974b203f19674e277cc
  languageName: node
  linkType: hard

"magic-string@npm:^0.30.11":
  version: 0.30.17
  resolution: "magic-string@npm:0.30.17"
  dependencies:
    "@jridgewell/sourcemap-codec": "npm:^1.5.0"
  checksum: 10/2f71af2b0afd78c2e9012a29b066d2c8ba45a9cd0c8070f7fd72de982fb1c403b4e3afdb1dae00691d56885ede66b772ef6bedf765e02e3a7066208fe2fec4aa
  languageName: node
  linkType: hard

"min-repo@workspace:.":
  version: 0.0.0-use.local
  resolution: "min-repo@workspace:."
  languageName: unknown
  linkType: soft

"mri@npm:^1.1.0":
  version: 1.2.0
  resolution: "mri@npm:1.2.0"
  checksum: 10/6775a1d2228bb9d191ead4efc220bd6be64f943ad3afd4dcb3b3ac8fc7b87034443f666e38805df38e8d047b29f910c3cc7810da0109af83e42c82c73bd3f6bc
  languageName: node
  linkType: hard

"picocolors@npm:^1.0.0":
  version: 1.1.1
  resolution: "picocolors@npm:1.1.1"
  checksum: 10/e1cf46bf84886c79055fdfa9dcb3e4711ad259949e3565154b004b260cd356c5d54b31a1437ce9782624bf766272fe6b0154f5f0c744fb7af5d454d2b60db045
  languageName: node
  linkType: hard

"readdirp@npm:^4.0.1":
  version: 4.1.1
  resolution: "readdirp@npm:4.1.1"
  checksum: 10/e9a4a07b108b148e3646518c9e6fe097895b910148223361e8fd3983bc52435924f9b549aaa9ce7a471768312892cdd1cefcf467ef0fa58c6618c17266914bf8
  languageName: node
  linkType: hard

"sade@npm:^1.7.4":
  version: 1.8.1
  resolution: "sade@npm:1.8.1"
  dependencies:
    mri: "npm:^1.1.0"
  checksum: 10/1c67ba03c94083e0ae307ff5564ecb86c2104c0f558042fdaa40ea0054f91a63a9783f14069870f2f784336adabb70f90f22a84dc457b5a25e859aaadefe0910
  languageName: node
  linkType: hard

"svelte-check@npm:^4.1.4":
  version: 4.1.4
  resolution: "svelte-check@npm:4.1.4"
  dependencies:
    "@jridgewell/trace-mapping": "npm:^0.3.25"
    chokidar: "npm:^4.0.1"
    fdir: "npm:^6.2.0"
    picocolors: "npm:^1.0.0"
    sade: "npm:^1.7.4"
  peerDependencies:
    svelte: ^4.0.0 || ^5.0.0-next.0
    typescript: ">=5.0.0"
  bin:
    svelte-check: bin/svelte-check
  checksum: 10/5e43ebabe3a2b89b12b8f835e2bc9d78a140767e644e6ed9d64cf88a824b3813bf45e0644fa6618e3741433ea07649fced4be53d1c878efd5bf738979c5afb84
  languageName: node
  linkType: hard

"svelte@npm:^5.19.6":
  version: 5.19.6
  resolution: "svelte@npm:5.19.6"
  dependencies:
    "@ampproject/remapping": "npm:^2.3.0"
    "@jridgewell/sourcemap-codec": "npm:^1.5.0"
    "@types/estree": "npm:^1.0.5"
    acorn: "npm:^8.12.1"
    acorn-typescript: "npm:^1.4.13"
    aria-query: "npm:^5.3.1"
    axobject-query: "npm:^4.1.0"
    clsx: "npm:^2.1.1"
    esm-env: "npm:^1.2.1"
    esrap: "npm:^1.4.3"
    is-reference: "npm:^3.0.3"
    locate-character: "npm:^3.0.0"
    magic-string: "npm:^0.30.11"
    zimmerframe: "npm:^1.1.2"
  checksum: 10/4f9bcd852c9184fe0e4726eda14bdfd81b6706369370216c69a8a96f0eaa537793d42d852b5051c4ffe5eabd8bab43b6d3e30d813fc1184e04c0214689db416c
  languageName: node
  linkType: hard

"types@workspace:types":
  version: 0.0.0-use.local
  resolution: "types@workspace:types"
  dependencies:
    typescript: "npm:^5.7.3"
  languageName: unknown
  linkType: soft

"typescript@npm:^5.7.3":
  version: 5.7.3
  resolution: "typescript@npm:5.7.3"
  bin:
    tsc: bin/tsc
    tsserver: bin/tsserver
  checksum: 10/6a7e556de91db3d34dc51cd2600e8e91f4c312acd8e52792f243c7818dfadb27bae677175fad6947f9c81efb6c57eb6b2d0c736f196a6ee2f1f7d57b74fc92fa
  languageName: node
  linkType: hard

"typescript@patch:typescript@npm%3A^5.7.3#optional!builtin<compat/typescript>":
  version: 5.7.3
  resolution: "typescript@patch:typescript@npm%3A5.7.3#optional!builtin<compat/typescript>::version=5.7.3&hash=5786d5"
  bin:
    tsc: bin/tsc
    tsserver: bin/tsserver
  checksum: 10/dc58d777eb4c01973f7fbf1fd808aad49a0efdf545528dab9b07d94fdcb65b8751742804c3057e9619a4627f2d9cc85547fdd49d9f4326992ad0181b49e61d81
  languageName: node
  linkType: hard

"zimmerframe@npm:^1.1.2":
  version: 1.1.2
  resolution: "zimmerframe@npm:1.1.2"
  checksum: 10/495e1b263b288d2c423bafb6897060856b86a32c21a3550ed2b4b30779051824b7cd3e606f46cbcdfd5b0d47660fe3ef418e9c2369d0f0709f0e6111c4d096d4
  languageName: node
  linkType: hard
